// !$*UTF8*$!
{
	archiveVersion = 1;
	classes = {
	};
	objectVersion = 56;
	objects = {

/* Begin PBXBuildFile section */
		B2B566E8295F465C005E3B2D /* Memorize_CS193p_isApp.swift in Sources */ = {isa = PBXBuildFile; fileRef = B2B566E7295F465C005E3B2D /* Memorize_CS193p_isApp.swift */; };
		B2B566EA295F465C005E3B2D /* ContentView.swift in Sources */ = {isa = PBXBuildFile; fileRef = B2B566E9295F465C005E3B2D /* ContentView.swift */; };
		B2B566EC295F465D005E3B2D /* Assets.xcassets in Resources */ = {isa = PBXBuildFile; fileRef = B2B566EB295F465D005E3B2D /* Assets.xcassets */; };
		B2B566EF295F465D005E3B2D /* Preview Assets.xcassets in Resources */ = {isa = PBXBuildFile; fileRef = B2B566EE295F465D005E3B2D /* Preview Assets.xcassets */; };
		B2B566F9295F465D005E3B2D /* Memorize_CS193p_isTests.swift in Sources */ = {isa = PBXBuildFile; fileRef = B2B566F8295F465D005E3B2D /* Memorize_CS193p_isTests.swift */; };
		B2B56703295F465D005E3B2D /* Memorize_CS193p_isUITests.swift in Sources */ = {isa = PBXBuildFile; fileRef = B2B56702295F465D005E3B2D /* Memorize_CS193p_isUITests.swift */; };
		B2B56705295F465D005E3B2D /* Memorize_CS193p_isUITestsLaunchTests.swift in Sources */ = {isa = PBXBuildFile; fileRef = B2B56704295F465D005E3B2D /* Memorize_CS193p_isUITestsLaunchTests.swift */; };
/* End PBXBuildFile section */

/* Begin PBXContainerItemProxy section */
		B2B566F5295F465D005E3B2D /* PBXContainerItemProxy */ = {
			isa = PBXContainerItemProxy;
			containerPortal = B2B566DC295F465C005E3B2D /* Project object */;
			proxyType = 1;
			remoteGlobalIDString = B2B566E3295F465C005E3B2D;
			remoteInfo = "Memorize-CS193p-is";
		};
		B2B566FF295F465D005E3B2D /* PBXContainerItemProxy */ = {
			isa = PBXContainerItemProxy;
			containerPortal = B2B566DC295F465C005E3B2D /* Project object */;
			proxyType = 1;
			remoteGlobalIDString = B2B566E3295F465C005E3B2D;
			remoteInfo = "Memorize-CS193p-is";
		};
/* End PBXContainerItemProxy section */

/* Begin PBXFileReference section */
		B2B566E4295F465C005E3B2D /* Memorize-CS193p-is.app */ = {isa = PBXFileReference; explicitFileType = wrapper.application; includeInIndex = 0; path = "Memorize-CS193p-is.app"; sourceTree = BUILT_PRODUCTS_DIR; };
		B2B566E7295F465C005E3B2D /* Memorize_CS193p_isApp.swift */ = {isa = PBXFileReference; lastKnownFileType = sourcecode.swift; path = Memorize_CS193p_isApp.swift; sourceTree = "<group>"; };
		B2B566E9295F465C005E3B2D /* ContentView.swift */ = {isa = PBXFileReference; lastKnownFileType = sourcecode.swift; path = ContentView.swift; sourceTree = "<group>"; };
		B2B566EB295F465D005E3B2D /* Assets.xcassets */ = {isa = PBXFileReference; lastKnownFileType = folder.assetcatalog; path = Assets.xcassets; sourceTree = "<group>"; };
		B2B566EE295F465D005E3B2D /* Preview Assets.xcassets */ = {isa = PBXFileReference; lastKnownFileType = folder.assetcatalog; path = "Preview Assets.xcassets"; sourceTree = "<group>"; };
		B2B566F4295F465D005E3B2D /* Memorize-CS193p-isTests.xctest */ = {isa = PBXFileReference; explicitFileType = wrapper.cfbundle; includeInIndex = 0; path = "Memorize-CS193p-isTests.xctest"; sourceTree = BUILT_PRODUCTS_DIR; };
		B2B566F8295F465D005E3B2D /* Memorize_CS193p_isTests.swift */ = {isa = PBXFileReference; lastKnownFileType = sourcecode.swift; path = Memorize_CS193p_isTests.swift; sourceTree = "<group>"; };
		B2B566FE295F465D005E3B2D /* Memorize-CS193p-isUITests.xctest */ = {isa = PBXFileReference; explicitFileType = wrapper.cfbundle; includeInIndex = 0; path = "Memorize-CS193p-isUITests.xctest"; sourceTree = BUILT_PRODUCTS_DIR; };
		B2B56702295F465D005E3B2D /* Memorize_CS193p_isUITests.swift */ = {isa = PBXFileReference; lastKnownFileType = sourcecode.swift; path = Memorize_CS193p_isUITests.swift; sourceTree = "<group>"; };
		B2B56704295F465D005E3B2D /* Memorize_CS193p_isUITestsLaunchTests.swift */ = {isa = PBXFileReference; lastKnownFileType = sourcecode.swift; path = Memorize_CS193p_isUITestsLaunchTests.swift; sourceTree = "<group>"; };
/* End PBXFileReference section */

/* Begin PBXFrameworksBuildPhase section */
		B2B566E1295F465C005E3B2D /* Frameworks */ = {
			isa = PBXFrameworksBuildPhase;
			buildActionMask = 2147483647;
			files = (
			);
			runOnlyForDeploymentPostprocessing = 0;
		};
		B2B566F1295F465D005E3B2D /* Frameworks */ = {
			isa = PBXFrameworksBuildPhase;
			buildActionMask = 2147483647;
			files = (
			);
			runOnlyForDeploymentPostprocessing = 0;
		};
		B2B566FB295F465D005E3B2D /* Frameworks */ = {
			isa = PBXFrameworksBuildPhase;
			buildActionMask = 2147483647;
			files = (
			);
			runOnlyForDeploymentPostprocessing = 0;
		};
/* End PBXFrameworksBuildPhase section */

/* Begin PBXGroup section */
		B2B566DB295F465C005E3B2D = {
			isa = PBXGroup;
			children = (
				B2B566E6295F465C005E3B2D /* Memorize-CS193p-is */,
				B2B566F7295F465D005E3B2D /* Memorize-CS193p-isTests */,
				B2B56701295F465D005E3B2D /* Memorize-CS193p-isUITests */,
				B2B566E5295F465C005E3B2D /* Products */,
			);
			sourceTree = "<group>";
		};
		B2B566E5295F465C005E3B2D /* Products */ = {
			isa = PBXGroup;
			children = (
				B2B566E4295F465C005E3B2D /* Memorize-CS193p-is.app */,
				B2B566F4295F465D005E3B2D /* Memorize-CS193p-isTests.xctest */,
				B2B566FE295F465D005E3B2D /* Memorize-CS193p-isUITests.xctest */,
			);
			name = Products;
			sourceTree = "<group>";
		};
		B2B566E6295F465C005E3B2D /* Memorize-CS193p-is */ = {
			isa = PBXGroup;
			children = (
				B2B566E7295F465C005E3B2D /* Memorize_CS193p_isApp.swift */,
				B2B566E9295F465C005E3B2D /* ContentView.swift */,
				B2B566EB295F465D005E3B2D /* Assets.xcassets */,
				B2B566ED295F465D005E3B2D /* Preview Content */,
			);
			path = "Memorize-CS193p-is";
			sourceTree = "<group>";
		};
		B2B566ED295F465D005E3B2D /* Preview Content */ = {
			isa = PBXGroup;
			children = (
				B2B566EE295F465D005E3B2D /* Preview Assets.xcassets */,
			);
			path = "Preview Content";
			sourceTree = "<group>";
		};
		B2B566F7295F465D005E3B2D /* Memorize-CS193p-isTests */ = {
			isa = PBXGroup;
			children = (
				B2B566F8295F465D005E3B2D /* Memorize_CS193p_isTests.swift */,
			);
			path = "Memorize-CS193p-isTests";
			sourceTree = "<group>";
		};
		B2B56701295F465D005E3B2D /* Memorize-CS193p-isUITests */ = {
			isa = PBXGroup;
			children = (
				B2B56702295F465D005E3B2D /* Memorize_CS193p_isUITests.swift */,
				B2B56704295F465D005E3B2D /* Memorize_CS193p_isUITestsLaunchTests.swift */,
			);
			path = "Memorize-CS193p-isUITests";
			sourceTree = "<group>";
		};
/* End PBXGroup section */

/* Begin PBXNativeTarget section */
		B2B566E3295F465C005E3B2D /* Memorize-CS193p-is */ = {
			isa = PBXNativeTarget;
			buildConfigurationList = B2B56708295F465D005E3B2D /* Build configuration list for PBXNativeTarget "Memorize-CS193p-is" */;
			buildPhases = (
				B2B566E0295F465C005E3B2D /* Sources */,
				B2B566E1295F465C005E3B2D /* Frameworks */,
				B2B566E2295F465C005E3B2D /* Resources */,
			);
			buildRules = (
			);
			dependencies = (
			);
			name = "Memorize-CS193p-is";
			productName = "Memorize-CS193p-is";
			productReference = B2B566E4295F465C005E3B2D /* Memorize-CS193p-is.app */;
			productType = "com.apple.product-type.application";
		};
		B2B566F3295F465D005E3B2D /* Memorize-CS193p-isTests */ = {
			isa = PBXNativeTarget;
			buildConfigurationList = B2B5670B295F465D005E3B2D /* Build configuration list for PBXNativeTarget "Memorize-CS193p-isTests" */;
			buildPhases = (
				B2B566F0295F465D005E3B2D /* Sources */,
				B2B566F1295F465D005E3B2D /* Frameworks */,
				B2B566F2295F465D005E3B2D /* Resources */,
			);
			buildRules = (
			);
			dependencies = (
				B2B566F6295F465D005E3B2D /* PBXTargetDependency */,
			);
			name = "Memorize-CS193p-isTests";
			productName = "Memorize-CS193p-isTests";
			productReference = B2B566F4295F465D005E3B2D /* Memorize-CS193p-isTests.xctest */;
			productType = "com.apple.product-type.bundle.unit-test";
		};
		B2B566FD295F465D005E3B2D /* Memorize-CS193p-isUITests */ = {
			isa = PBXNativeTarget;
			buildConfigurationList = B2B5670E295F465D005E3B2D /* Build configuration list for PBXNativeTarget "Memorize-CS193p-isUITests" */;
			buildPhases = (
				B2B566FA295F465D005E3B2D /* Sources */,
				B2B566FB295F465D005E3B2D /* Frameworks */,
				B2B566FC295F465D005E3B2D /* Resources */,
			);
			buildRules = (
			);
			dependencies = (
				B2B56700295F465D005E3B2D /* PBXTargetDependency */,
			);
			name = "Memorize-CS193p-isUITests";
			productName = "Memorize-CS193p-isUITests";
			productReference = B2B566FE295F465D005E3B2D /* Memorize-CS193p-isUITests.xctest */;
			productType = "com.apple.product-type.bundle.ui-testing";
		};
/* End PBXNativeTarget section */

/* Begin PBXProject section */
		B2B566DC295F465C005E3B2D /* Project object */ = {
			isa = PBXProject;
			attributes = {
				BuildIndependentTargetsInParallel = 1;
				LastSwiftUpdateCheck = 1420;
				LastUpgradeCheck = 1420;
				TargetAttributes = {
					B2B566E3295F465C005E3B2D = {
						CreatedOnToolsVersion = 14.2;
					};
					B2B566F3295F465D005E3B2D = {
						CreatedOnToolsVersion = 14.2;
						TestTargetID = B2B566E3295F465C005E3B2D;
					};
					B2B566FD295F465D005E3B2D = {
						CreatedOnToolsVersion = 14.2;
						TestTargetID = B2B566E3295F465C005E3B2D;
					};
				};
			};
			buildConfigurationList = B2B566DF295F465C005E3B2D /* Build configuration list for PBXProject "Memorize-CS193p-is" */;
			compatibilityVersion = "Xcode 14.0";
			developmentRegion = en;
			hasScannedForEncodings = 0;
			knownRegions = (
				en,
				Base,
			);
			mainGroup = B2B566DB295F465C005E3B2D;
			productRefGroup = B2B566E5295F465C005E3B2D /* Products */;
			projectDirPath = "";
			projectRoot = "";
			targets = (
				B2B566E3295F465C005E3B2D /* Memorize-CS193p-is */,
				B2B566F3295F465D005E3B2D /* Memorize-CS193p-isTests */,
				B2B566FD295F465D005E3B2D /* Memorize-CS193p-isUITests */,
			);
		};
/* End PBXProject section */

/* Begin PBXResourcesBuildPhase section */
		B2B566E2295F465C005E3B2D /* Resources */ = {
			isa = PBXResourcesBuildPhase;
			buildActionMask = 2147483647;
			files = (
				B2B566EF295F465D005E3B2D /* Preview Assets.xcassets in Resources */,
				B2B566EC295F465D005E3B2D /* Assets.xcassets in Resources */,
			);
			runOnlyForDeploymentPostprocessing = 0;
		};
		B2B566F2295F465D005E3B2D /* Resources */ = {
			isa = PBXResourcesBuildPhase;
			buildActionMask = 2147483647;
			files = (
			);
			runOnlyForDeploymentPostprocessing = 0;
		};
		B2B566FC295F465D005E3B2D /* Resources */ = {
			isa = PBXResourcesBuildPhase;
			buildActionMask = 2147483647;
			files = (
			);
			runOnlyForDeploymentPostprocessing = 0;
		};
/* End PBXResourcesBuildPhase section */

/* Begin PBXSourcesBuildPhase section */
		B2B566E0295F465C005E3B2D /* Sources */ = {
			isa = PBXSourcesBuildPhase;
			buildActionMask = 2147483647;
			files = (
				B2B566EA295F465C005E3B2D /* ContentView.swift in Sources */,
				B2B566E8295F465C005E3B2D /* Memorize_CS193p_isApp.swift in Sources */,
			);
			runOnlyForDeploymentPostprocessing = 0;
		};
		B2B566F0295F465D005E3B2D /* Sources */ = {
			isa = PBXSourcesBuildPhase;
			buildActionMask = 2147483647;
			files = (
				B2B566F9295F465D005E3B2D /* Memorize_CS193p_isTests.swift in Sources */,
			);
			runOnlyForDeploymentPostprocessing = 0;
		};
		B2B566FA295F465D005E3B2D /* Sources */ = {
			isa = PBXSourcesBuildPhase;
			buildActionMask = 2147483647;
			files = (
				B2B56703295F465D005E3B2D /* Memorize_CS193p_isUITests.swift in Sources */,
				B2B56705295F465D005E3B2D /* Memorize_CS193p_isUITestsLaunchTests.swift in Sources */,
			);
			runOnlyForDeploymentPostprocessing = 0;
		};
/* End PBXSourcesBuildPhase section */

/* Begin PBXTargetDependency section */
		B2B566F6295F465D005E3B2D /* PBXTargetDependency */ = {
			isa = PBXTargetDependency;
			target = B2B566E3295F465C005E3B2D /* Memorize-CS193p-is */;
			targetProxy = B2B566F5295F465D005E3B2D /* PBXContainerItemProxy */;
		};
		B2B56700295F465D005E3B2D /* PBXTargetDependency */ = {
			isa = PBXTargetDependency;
			target = B2B566E3295F465C005E3B2D /* Memorize-CS193p-is */;
			targetProxy = B2B566FF295F465D005E3B2D /* PBXContainerItemProxy */;
		};
/* End PBXTargetDependency section */

/* Begin XCBuildConfiguration section */
		B2B56706295F465D005E3B2D /* Debug */ = {
			isa = XCBuildConfiguration;
			buildSettings = {
				ALWAYS_SEARCH_USER_PATHS = NO;
				CLANG_ANALYZER_NONNULL = YES;
				CLANG_ANALYZER_NUMBER_OBJECT_CONVERSION = YES_AGGRESSIVE;
				CLANG_CXX_LANGUAGE_STANDARD = "gnu++20";
				CLANG_ENABLE_MODULES = YES;
				CLANG_ENABLE_OBJC_ARC = YES;
				CLANG_ENABLE_OBJC_WEAK = YES;
				CLANG_WARN_BLOCK_CAPTURE_AUTORELEASING = YES;
				CLANG_WARN_BOOL_CONVERSION = YES;
				CLANG_WARN_COMMA = YES;
				CLANG_WARN_CONSTANT_CONVERSION = YES;
				CLANG_WARN_DEPRECATED_OBJC_IMPLEMENTATIONS = YES;
				CLANG_WARN_DIRECT_OBJC_ISA_USAGE = YES_ERROR;
				CLANG_WARN_DOCUMENTATION_COMMENTS = YES;
				CLANG_WARN_EMPTY_BODY = YES;
				CLANG_WARN_ENUM_CONVERSION = YES;
				CLANG_WARN_INFINITE_RECURSION = YES;
				CLANG_WARN_INT_CONVERSION = YES;
				CLANG_WARN_NON_LITERAL_NULL_CONVERSION = YES;
				CLANG_WARN_OBJC_IMPLICIT_RETAIN_SELF = YES;
				CLANG_WARN_OBJC_LITERAL_CONVERSION = YES;
				CLANG_WARN_OBJC_ROOT_CLASS = YES_ERROR;
				CLANG_WARN_QUOTED_INCLUDE_IN_FRAMEWORK_HEADER = YES;
				CLANG_WARN_RANGE_LOOP_ANALYSIS = YES;
				CLANG_WARN_STRICT_PROTOTYPES = YES;
				CLANG_WARN_SUSPICIOUS_MOVE = YES;
				CLANG_WARN_UNGUARDED_AVAILABILITY = YES_AGGRESSIVE;
				CLANG_WARN_UNREACHABLE_CODE = YES;
				CLANG_WARN__DUPLICATE_METHOD_MATCH = YES;
				COPY_PHASE_STRIP = NO;
				DEBUG_INFORMATION_FORMAT = dwarf;
				ENABLE_STRICT_OBJC_MSGSEND = YES;
				ENABLE_TESTABILITY = YES;
				GCC_C_LANGUAGE_STANDARD = gnu11;
				GCC_DYNAMIC_NO_PIC = NO;
				GCC_NO_COMMON_BLOCKS = YES;
				GCC_OPTIMIZATION_LEVEL = 0;
				GCC_PREPROCESSOR_DEFINITIONS = (
					"DEBUG=1",
					"$(inherited)",
				);
				GCC_WARN_64_TO_32_BIT_CONVERSION = YES;
				GCC_WARN_ABOUT_RETURN_TYPE = YES_ERROR;
				GCC_WARN_UNDECLARED_SELECTOR = YES;
				GCC_WARN_UNINITIALIZED_AUTOS = YES_AGGRESSIVE;
				GCC_WARN_UNUSED_FUNCTION = YES;
				GCC_WARN_UNUSED_VARIABLE = YES;
				IPHONEOS_DEPLOYMENT_TARGET = 16.2;
				MTL_ENABLE_DEBUG_INFO = INCLUDE_SOURCE;
				MTL_FAST_MATH = YES;
				ONLY_ACTIVE_ARCH = YES;
				SDKROOT = iphoneos;
				SWIFT_ACTIVE_COMPILATION_CONDITIONS = DEBUG;
				SWIFT_OPTIMIZATION_LEVEL = "-Onone";
			};
			name = Debug;
		};
		B2B56707295F465D005E3B2D /* Release */ = {
			isa = XCBuildConfiguration;
			buildSettings = {
				ALWAYS_SEARCH_USER_PATHS = NO;
				CLANG_ANALYZER_NONNULL = YES;
				CLANG_ANALYZER_NUMBER_OBJECT_CONVERSION = YES_AGGRESSIVE;
				CLANG_CXX_LANGUAGE_STANDARD = "gnu++20";
				CLANG_ENABLE_MODULES = YES;
				CLANG_ENABLE_OBJC_ARC = YES;
				CLANG_ENABLE_OBJC_WEAK = YES;
				CLANG_WARN_BLOCK_CAPTURE_AUTORELEASING = YES;
				CLANG_WARN_BOOL_CONVERSION = YES;
				CLANG_WARN_COMMA = YES;
				CLANG_WARN_CONSTANT_CONVERSION = YES;
				CLANG_WARN_DEPRECATED_OBJC_IMPLEMENTATIONS = YES;
				CLANG_WARN_DIRECT_OBJC_ISA_USAGE = YES_ERROR;
				CLANG_WARN_DOCUMENTATION_COMMENTS = YES;
				CLANG_WARN_EMPTY_BODY = YES;
				CLANG_WARN_ENUM_CONVERSION = YES;
				CLANG_WARN_INFINITE_RECURSION = YES;
				CLANG_WARN_INT_CONVERSION = YES;
				CLANG_WARN_NON_LITERAL_NULL_CONVERSION = YES;
				CLANG_WARN_OBJC_IMPLICIT_RETAIN_SELF = YES;
				CLANG_WARN_OBJC_LITERAL_CONVERSION = YES;
				CLANG_WARN_OBJC_ROOT_CLASS = YES_ERROR;
				CLANG_WARN_QUOTED_INCLUDE_IN_FRAMEWORK_HEADER = YES;
				CLANG_WARN_RANGE_LOOP_ANALYSIS = YES;
				CLANG_WARN_STRICT_PROTOTYPES = YES;
				CLANG_WARN_SUSPICIOUS_MOVE = YES;
				CLANG_WARN_UNGUARDED_AVAILABILITY = YES_AGGRESSIVE;
				CLANG_WARN_UNREACHABLE_CODE = YES;
				CLANG_WARN__DUPLICATE_METHOD_MATCH = YES;
				COPY_PHASE_STRIP = NO;
				DEBUG_INFORMATION_FORMAT = "dwarf-with-dsym";
				ENABLE_NS_ASSERTIONS = NO;
				ENABLE_STRICT_OBJC_MSGSEND = YES;
				GCC_C_LANGUAGE_STANDARD = gnu11;
				GCC_NO_COMMON_BLOCKS = YES;
				GCC_WARN_64_TO_32_BIT_CONVERSION = YES;
				GCC_WARN_ABOUT_RETURN_TYPE = YES_ERROR;
				GCC_WARN_UNDECLARED_SELECTOR = YES;
				GCC_WARN_UNINITIALIZED_AUTOS = YES_AGGRESSIVE;
				GCC_WARN_UNUSED_FUNCTION = YES;
				GCC_WARN_UNUSED_VARIABLE = YES;
				IPHONEOS_DEPLOYMENT_TARGET = 16.2;
				MTL_ENABLE_DEBUG_INFO = NO;
				MTL_FAST_MATH = YES;
				SDKROOT = iphoneos;
				SWIFT_COMPILATION_MODE = wholemodule;
				SWIFT_OPTIMIZATION_LEVEL = "-O";
				VALIDATE_PRODUCT = YES;
			};
			name = Release;
		};
		B2B56709295F465D005E3B2D /* Debug */ = {
			isa = XCBuildConfiguration;
			buildSettings = {
				ASSETCATALOG_COMPILER_APPICON_NAME = AppIcon;
				ASSETCATALOG_COMPILER_GLOBAL_ACCENT_COLOR_NAME = AccentColor;
				CODE_SIGN_STYLE = Automatic;
				CURRENT_PROJECT_VERSION = 1;
				DEVELOPMENT_ASSET_PATHS = "\"Memorize-CS193p-is/Preview Content\"";
				DEVELOPMENT_TEAM = 6BHXWP5PYW;
				ENABLE_PREVIEWS = YES;
				GENERATE_INFOPLIST_FILE = YES;
				INFOPLIST_KEY_UIApplicationSceneManifest_Generation = YES;
				INFOPLIST_KEY_UIApplicationSupportsIndirectInputEvents = YES;
				INFOPLIST_KEY_UILaunchScreen_Generation = YES;
				INFOPLIST_KEY_UISupportedInterfaceOrientations_iPad = "UIInterfaceOrientationPortrait UIInterfaceOrientationPortraitUpsideDown UIInterfaceOrientationLandscapeLeft UIInterfaceOrientationLandscapeRight";
				INFOPLIST_KEY_UISupportedInterfaceOrientations_iPhone = "UIInterfaceOrientationPortrait UIInterfaceOrientationLandscapeLeft UIInterfaceOrientationLandscapeRight";
				LD_RUNPATH_SEARCH_PATHS = (
					"$(inherited)",
					"@executable_path/Frameworks",
				);
				MARKETING_VERSION = 1.0;
				PRODUCT_BUNDLE_IDENTIFIER = "com.seikim.study.Memorize-CS193p-is";
				PRODUCT_NAME = "$(TARGET_NAME)";
				SWIFT_EMIT_LOC_STRINGS = YES;
				SWIFT_VERSION = 5.0;
				TARGETED_DEVICE_FAMILY = "1,2";
			};
			name = Debug;
		};
		B2B5670A295F465D005E3B2D /* Release */ = {
			isa = XCBuildConfiguration;
			buildSettings = {
				ASSETCATALOG_COMPILER_APPICON_NAME = AppIcon;
				ASSETCATALOG_COMPILER_GLOBAL_ACCENT_COLOR_NAME = AccentColor;
				CODE_SIGN_STYLE = Automatic;
				CURRENT_PROJECT_VERSION = 1;
				DEVELOPMENT_ASSET_PATHS = "\"Memorize-CS193p-is/Preview Content\"";
				DEVELOPMENT_TEAM = 6BHXWP5PYW;
				ENABLE_PREVIEWS = YES;
				GENERATE_INFOPLIST_FILE = YES;
				INFOPLIST_KEY_UIApplicationSceneManifest_Generation = YES;
				INFOPLIST_KEY_UIApplicationSupportsIndirectInputEvents = YES;
				INFOPLIST_KEY_UILaunchScreen_Generation = YES;
				INFOPLIST_KEY_UISupportedInterfaceOrientations_iPad = "UIInterfaceOrientationPortrait UIInterfaceOrientationPortraitUpsideDown UIInterfaceOrientationLandscapeLeft UIInterfaceOrientationLandscapeRight";
				INFOPLIST_KEY_UISupportedInterfaceOrientations_iPhone = "UIInterfaceOrientationPortrait UIInterfaceOrientationLandscapeLeft UIInterfaceOrientationLandscapeRight";
				LD_RUNPATH_SEARCH_PATHS = (
					"$(inherited)",
					"@executable_path/Frameworks",
				);
				MARKETING_VERSION = 1.0;
				PRODUCT_BUNDLE_IDENTIFIER = "com.seikim.study.Memorize-CS193p-is";
				PRODUCT_NAME = "$(TARGET_NAME)";
				SWIFT_EMIT_LOC_STRINGS = YES;
				SWIFT_VERSION = 5.0;
				TARGETED_DEVICE_FAMILY = "1,2";
			};
			name = Release;
		};
		B2B5670C295F465D005E3B2D /* Debug */ = {
			isa = XCBuildConfiguration;
			buildSettings = {
				ALWAYS_EMBED_SWIFT_STANDARD_LIBRARIES = YES;
				BUNDLE_LOADER = "$(TEST_HOST)";
				CODE_SIGN_STYLE = Automatic;
				CURRENT_PROJECT_VERSION = 1;
				DEVELOPMENT_TEAM = 6BHXWP5PYW;
				GENERATE_INFOPLIST_FILE = YES;
				IPHONEOS_DEPLOYMENT_TARGET = 16.2;
				MARKETING_VERSION = 1.0;
				PRODUCT_BUNDLE_IDENTIFIER = "com.seikim.study.Memorize-CS193p-isTests";
				PRODUCT_NAME = "$(TARGET_NAME)";
				SWIFT_EMIT_LOC_STRINGS = NO;
				SWIFT_VERSION = 5.0;
				TARGETED_DEVICE_FAMILY = "1,2";
				TEST_HOST = "$(BUILT_PRODUCTS_DIR)/Memorize-CS193p-is.app/$(BUNDLE_EXECUTABLE_FOLDER_PATH)/Memorize-CS193p-is";
			};
			name = Debug;
		};
		B2B5670D295F465D005E3B2D /* Release */ = {
			isa = XCBuildConfiguration;
			buildSettings = {
				ALWAYS_EMBED_SWIFT_STANDARD_LIBRARIES = YES;
				BUNDLE_LOADER = "$(TEST_HOST)";
				CODE_SIGN_STYLE = Automatic;
				CURRENT_PROJECT_VERSION = 1;
				DEVELOPMENT_TEAM = 6BHXWP5PYW;
				GENERATE_INFOPLIST_FILE = YES;
				IPHONEOS_DEPLOYMENT_TARGET = 16.2;
				MARKETING_VERSION = 1.0;
				PRODUCT_BUNDLE_IDENTIFIER = "com.seikim.study.Memorize-CS193p-isTests";
				PRODUCT_NAME = "$(TARGET_NAME)";
				SWIFT_EMIT_LOC_STRINGS = NO;
				SWIFT_VERSION = 5.0;
				TARGETED_DEVICE_FAMILY = "1,2";
				TEST_HOST = "$(BUILT_PRODUCTS_DIR)/Memorize-CS193p-is.app/$(BUNDLE_EXECUTABLE_FOLDER_PATH)/Memorize-CS193p-is";
			};
			name = Release;
		};
		B2B5670F295F465D005E3B2D /* Debug */ = {
			isa = XCBuildConfiguration;
			buildSettings = {
				ALWAYS_EMBED_SWIFT_STANDARD_LIBRARIES = YES;
				CODE_SIGN_STYLE = Automatic;
				CURRENT_PROJECT_VERSION = 1;
				DEVELOPMENT_TEAM = 6BHXWP5PYW;
				GENERATE_INFOPLIST_FILE = YES;
				MARKETING_VERSION = 1.0;
				PRODUCT_BUNDLE_IDENTIFIER = "com.seikim.study.Memorize-CS193p-isUITests";
				PRODUCT_NAME = "$(TARGET_NAME)";
				SWIFT_EMIT_LOC_STRINGS = NO;
				SWIFT_VERSION = 5.0;
				TARGETED_DEVICE_FAMILY = "1,2";
				TEST_TARGET_NAME = "Memorize-CS193p-is";
			};
			name = Debug;
		};
		B2B56710295F465D005E3B2D /* Release */ = {
			isa = XCBuildConfiguration;
			buildSettings = {
				ALWAYS_EMBED_SWIFT_STANDARD_LIBRARIES = YES;
				CODE_SIGN_STYLE = Automatic;
				CURRENT_PROJECT_VERSION = 1;
				DEVELOPMENT_TEAM = 6BHXWP5PYW;
				GENERATE_INFOPLIST_FILE = YES;
				MARKETING_VERSION = 1.0;
				PRODUCT_BUNDLE_IDENTIFIER = "com.seikim.study.Memorize-CS193p-isUITests";
				PRODUCT_NAME = "$(TARGET_NAME)";
				SWIFT_EMIT_LOC_STRINGS = NO;
				SWIFT_VERSION = 5.0;
				TARGETED_DEVICE_FAMILY = "1,2";
				TEST_TARGET_NAME = "Memorize-CS193p-is";
			};
			name = Release;
		};
/* End XCBuildConfiguration section */

/* Begin XCConfigurationList section */
		B2B566DF295F465C005E3B2D /* Build configuration list for PBXProject "Memorize-CS193p-is" */ = {
			isa = XCConfigurationList;
			buildConfigurations = (
				B2B56706295F465D005E3B2D /* Debug */,
				B2B56707295F465D005E3B2D /* Release */,
			);
			defaultConfigurationIsVisible = 0;
			defaultConfigurationName = Release;
		};
		B2B56708295F465D005E3B2D /* Build configuration list for PBXNativeTarget "Memorize-CS193p-is" */ = {
			isa = XCConfigurationList;
			buildConfigurations = (
				B2B56709295F465D005E3B2D /* Debug */,
				B2B5670A295F465D005E3B2D /* Release */,
			);
			defaultConfigurationIsVisible = 0;
			defaultConfigurationName = Release;
		};
		B2B5670B295F465D005E3B2D /* Build configuration list for PBXNativeTarget "Memorize-CS193p-isTests" */ = {
			isa = XCConfigurationList;
			buildConfigurations = (
				B2B5670C295F465D005E3B2D /* Debug */,
				B2B5670D295F465D005E3B2D /* Release */,
			);
			defaultConfigurationIsVisible = 0;
			defaultConfigurationName = Release;
		};
		B2B5670E295F465D005E3B2D /* Build configuration list for PBXNativeTarget "Memorize-CS193p-isUITests" */ = {
			isa = XCConfigurationList;
			buildConfigurations = (
				B2B5670F295F465D005E3B2D /* Debug */,
				B2B56710295F465D005E3B2D /* Release */,
			);
			defaultConfigurationIsVisible = 0;
			defaultConfigurationName = Release;
		};
/* End XCConfigurationList section */
	};
	rootObject = B2B566DC295F465C005E3B2D /* Project object */;
}
